
Microsoft Visual Studio Solution File, Format Version 12.00
# Visual Studio Version 17
VisualStudioVersion = 17.3.32929.385
MinimumVisualStudioVersion = 10.0.40219.1
Project("{2150E333-8FDC-42A3-9474-1A3956D46DE8}") = "Services", "Services", "{B76C2E8F-CA7F-49E7-94D8-341FC65A8DBD}"
EndProject
Project("{2150E333-8FDC-42A3-9474-1A3956D46DE8}") = "Catalog", "Catalog", "{6D8284B8-D5FB-496B-BC77-74BF060F87D8}"
EndProject
Project("{9A19103F-16F7-4668-BE54-9A1E7A4F7556}") = "Catalog.API", "Services\Catalog\Catalog.API\Catalog.API.csproj", "{CF3D23E1-8BFF-4B24-98FE-C6C1AAB5A13A}"
EndProject
Project("{E53339B2-1760-4266-BCC7-CA923CBCF16C}") = "docker-compose", "docker-compose.dcproj", "{7FC2AE46-3CED-47EA-9C39-4F63F560B395}"
EndProject
Global
	GlobalSection(SolutionConfigurationPlatforms) = preSolution
		Debug|Any CPU = Debug|Any CPU
		Release|Any CPU = Release|Any CPU
	EndGlobalSection
	GlobalSection(ProjectConfigurationPlatforms) = postSolution
		{CF3D23E1-8BFF-4B24-98FE-C6C1AAB5A13A}.Debug|Any CPU.ActiveCfg = Debug|Any CPU
		{CF3D23E1-8BFF-4B24-98FE-C6C1AAB5A13A}.Debug|Any CPU.Build.0 = Debug|Any CPU
		{CF3D23E1-8BFF-4B24-98FE-C6C1AAB5A13A}.Release|Any CPU.ActiveCfg = Release|Any CPU
		{CF3D23E1-8BFF-4B24-98FE-C6C1AAB5A13A}.Release|Any CPU.Build.0 = Release|Any CPU
		{7FC2AE46-3CED-47EA-9C39-4F63F560B395}.Debug|Any CPU.ActiveCfg = Debug|Any CPU
		{7FC2AE46-3CED-47EA-9C39-4F63F560B395}.Debug|Any CPU.Build.0 = Debug|Any CPU
		{7FC2AE46-3CED-47EA-9C39-4F63F560B395}.Release|Any CPU.ActiveCfg = Release|Any CPU
		{7FC2AE46-3CED-47EA-9C39-4F63F560B395}.Release|Any CPU.Build.0 = Release|Any CPU
	EndGlobalSection
	GlobalSection(SolutionProperties) = preSolution
		HideSolutionNode = FALSE
	EndGlobalSection
	GlobalSection(NestedProjects) = preSolution
		{6D8284B8-D5FB-496B-BC77-74BF060F87D8} = {B76C2E8F-CA7F-49E7-94D8-341FC65A8DBD}
		{CF3D23E1-8BFF-4B24-98FE-C6C1AAB5A13A} = {6D8284B8-D5FB-496B-BC77-74BF060F87D8}
	EndGlobalSection
	GlobalSection(ExtensibilityGlobals) = postSolution
		SolutionGuid = {66DC3EA6-8D08-4560-BE62-20542A9EC2A5}
	EndGlobalSection
EndGlobal
