
Microsoft Visual Studio Solution File, Format Version 12.00
# Visual Studio Version 17
VisualStudioVersion = 17.3.32929.385
MinimumVisualStudioVersion = 10.0.40219.1
Project("{2150E333-8FDC-42A3-9474-1A3956D46DE8}") = "Services", "Services", "{B76C2E8F-CA7F-49E7-94D8-341FC65A8DBD}"
EndProject
Project("{2150E333-8FDC-42A3-9474-1A3956D46DE8}") = "Catalog", "Catalog", "{6D8284B8-D5FB-496B-BC77-74BF060F87D8}"
EndProject
Project("{9A19103F-16F7-4668-BE54-9A1E7A4F7556}") = "Catalog.API", "Services\Catalog\Catalog.API\Catalog.API.csproj", "{CF3D23E1-8BFF-4B24-98FE-C6C1AAB5A13A}"
EndProject
Project("{E53339B2-1760-4266-BCC7-CA923CBCF16C}") = "docker-compose", "docker-compose.dcproj", "{7FC2AE46-3CED-47EA-9C39-4F63F560B395}"
EndProject
Project("{2150E333-8FDC-42A3-9474-1A3956D46DE8}") = "Basket", "Basket", "{8FC2781A-935C-4AC3-8CDC-554144913A69}"
EndProject
Project("{9A19103F-16F7-4668-BE54-9A1E7A4F7556}") = "Basket.API", "Services\Basket\Basket.API\Basket.API.csproj", "{79E4CBF5-2CBC-4D94-B0AF-BC88911CBC9A}"
EndProject
Project("{2150E333-8FDC-42A3-9474-1A3956D46DE8}") = "Discount", "Discount", "{CFD6A5E1-D4DD-4159-A0D6-9CF9673CF816}"
EndProject
Project("{9A19103F-16F7-4668-BE54-9A1E7A4F7556}") = "Discount.GRPC", "Services\Discount\Discount.GRPC\Discount.GRPC.csproj", "{B823AF03-CE90-45B3-BABE-D1C392E166B0}"
EndProject
Project("{9A19103F-16F7-4668-BE54-9A1E7A4F7556}") = "Discount.API", "Services\Discount\Discount.API\Discount.API.csproj", "{91B8EFFA-A19A-4C48-B136-A865FD272819}"
EndProject
Project("{2150E333-8FDC-42A3-9474-1A3956D46DE8}") = "Ordering", "Ordering", "{E4A4DEA1-CBCF-433C-A45A-5AD3477F346A}"
EndProject
Project("{9A19103F-16F7-4668-BE54-9A1E7A4F7556}") = "Ordering.API", "Services\Ordering\Ordering.API\Ordering.API.csproj", "{36D1F512-F71F-44B9-B0FD-07EDB11C7A83}"
EndProject
Project("{9A19103F-16F7-4668-BE54-9A1E7A4F7556}") = "Ordering.Domain", "Services\Ordering\Ordering.Domain\Ordering.Domain.csproj", "{651C0FC9-2B7C-4665-81B1-3A366DCF34C2}"
EndProject
Project("{9A19103F-16F7-4668-BE54-9A1E7A4F7556}") = "Ordering.Application", "Services\Ordering\Ordering.Application\Ordering.Application.csproj", "{FD1351DC-37D8-4533-9D53-7BD94B7A04A5}"
EndProject
Project("{9A19103F-16F7-4668-BE54-9A1E7A4F7556}") = "Ordering.Infrastructure", "Services\Ordering\Ordering.Infrastructure\Ordering.Infrastructure.csproj", "{D850E569-6224-4C28-8A05-8D2B7EB3F796}"
EndProject
Project("{2150E333-8FDC-42A3-9474-1A3956D46DE8}") = "BuildingBlocks", "BuildingBlocks", "{2B3BAA82-DE9B-4E65-928B-F28F28025B8B}"
EndProject
Project("{9A19103F-16F7-4668-BE54-9A1E7A4F7556}") = "EventBus.Messages", "BuildingBlocks\EventBus.Messages\EventBus.Messages.csproj", "{50B7423E-8887-4BEA-BA0F-5800D76289C9}"
EndProject
Project("{2150E333-8FDC-42A3-9474-1A3956D46DE8}") = "ApiGateways", "ApiGateways", "{FF33CDDA-DFC0-4B23-BD1C-0C18E20DFFD1}"
EndProject
Project("{FAE04EC0-301F-11D3-BF4B-00C04F79EFBC}") = "OcelotApiGw", "ApiGateways\OcelotApiGw\OcelotApiGw.csproj", "{82D51431-7E78-4390-A47B-51E268E3B6AB}"
EndProject
Global
	GlobalSection(SolutionConfigurationPlatforms) = preSolution
		Debug|Any CPU = Debug|Any CPU
		Debug|x64 = Debug|x64
		Release|Any CPU = Release|Any CPU
		Release|x64 = Release|x64
	EndGlobalSection
	GlobalSection(ProjectConfigurationPlatforms) = postSolution
		{CF3D23E1-8BFF-4B24-98FE-C6C1AAB5A13A}.Debug|Any CPU.ActiveCfg = Debug|Any CPU
		{CF3D23E1-8BFF-4B24-98FE-C6C1AAB5A13A}.Debug|Any CPU.Build.0 = Debug|Any CPU
		{CF3D23E1-8BFF-4B24-98FE-C6C1AAB5A13A}.Debug|x64.ActiveCfg = Debug|Any CPU
		{CF3D23E1-8BFF-4B24-98FE-C6C1AAB5A13A}.Debug|x64.Build.0 = Debug|Any CPU
		{CF3D23E1-8BFF-4B24-98FE-C6C1AAB5A13A}.Release|Any CPU.ActiveCfg = Release|Any CPU
		{CF3D23E1-8BFF-4B24-98FE-C6C1AAB5A13A}.Release|Any CPU.Build.0 = Release|Any CPU
		{CF3D23E1-8BFF-4B24-98FE-C6C1AAB5A13A}.Release|x64.ActiveCfg = Release|Any CPU
		{CF3D23E1-8BFF-4B24-98FE-C6C1AAB5A13A}.Release|x64.Build.0 = Release|Any CPU
		{7FC2AE46-3CED-47EA-9C39-4F63F560B395}.Debug|Any CPU.ActiveCfg = Debug|Any CPU
		{7FC2AE46-3CED-47EA-9C39-4F63F560B395}.Debug|Any CPU.Build.0 = Debug|Any CPU
		{7FC2AE46-3CED-47EA-9C39-4F63F560B395}.Debug|x64.ActiveCfg = Debug|Any CPU
		{7FC2AE46-3CED-47EA-9C39-4F63F560B395}.Debug|x64.Build.0 = Debug|Any CPU
		{7FC2AE46-3CED-47EA-9C39-4F63F560B395}.Release|Any CPU.ActiveCfg = Release|Any CPU
		{7FC2AE46-3CED-47EA-9C39-4F63F560B395}.Release|Any CPU.Build.0 = Release|Any CPU
		{7FC2AE46-3CED-47EA-9C39-4F63F560B395}.Release|x64.ActiveCfg = Release|Any CPU
		{7FC2AE46-3CED-47EA-9C39-4F63F560B395}.Release|x64.Build.0 = Release|Any CPU
		{79E4CBF5-2CBC-4D94-B0AF-BC88911CBC9A}.Debug|Any CPU.ActiveCfg = Debug|Any CPU
		{79E4CBF5-2CBC-4D94-B0AF-BC88911CBC9A}.Debug|Any CPU.Build.0 = Debug|Any CPU
		{79E4CBF5-2CBC-4D94-B0AF-BC88911CBC9A}.Debug|x64.ActiveCfg = Debug|Any CPU
		{79E4CBF5-2CBC-4D94-B0AF-BC88911CBC9A}.Debug|x64.Build.0 = Debug|Any CPU
		{79E4CBF5-2CBC-4D94-B0AF-BC88911CBC9A}.Release|Any CPU.ActiveCfg = Release|Any CPU
		{79E4CBF5-2CBC-4D94-B0AF-BC88911CBC9A}.Release|Any CPU.Build.0 = Release|Any CPU
		{79E4CBF5-2CBC-4D94-B0AF-BC88911CBC9A}.Release|x64.ActiveCfg = Release|Any CPU
		{79E4CBF5-2CBC-4D94-B0AF-BC88911CBC9A}.Release|x64.Build.0 = Release|Any CPU
		{B823AF03-CE90-45B3-BABE-D1C392E166B0}.Debug|Any CPU.ActiveCfg = Debug|Any CPU
		{B823AF03-CE90-45B3-BABE-D1C392E166B0}.Debug|Any CPU.Build.0 = Debug|Any CPU
		{B823AF03-CE90-45B3-BABE-D1C392E166B0}.Debug|x64.ActiveCfg = Debug|Any CPU
		{B823AF03-CE90-45B3-BABE-D1C392E166B0}.Debug|x64.Build.0 = Debug|Any CPU
		{B823AF03-CE90-45B3-BABE-D1C392E166B0}.Release|Any CPU.ActiveCfg = Release|Any CPU
		{B823AF03-CE90-45B3-BABE-D1C392E166B0}.Release|Any CPU.Build.0 = Release|Any CPU
		{B823AF03-CE90-45B3-BABE-D1C392E166B0}.Release|x64.ActiveCfg = Release|Any CPU
		{B823AF03-CE90-45B3-BABE-D1C392E166B0}.Release|x64.Build.0 = Release|Any CPU
		{91B8EFFA-A19A-4C48-B136-A865FD272819}.Debug|Any CPU.ActiveCfg = Debug|Any CPU
		{91B8EFFA-A19A-4C48-B136-A865FD272819}.Debug|Any CPU.Build.0 = Debug|Any CPU
		{91B8EFFA-A19A-4C48-B136-A865FD272819}.Debug|x64.ActiveCfg = Debug|Any CPU
		{91B8EFFA-A19A-4C48-B136-A865FD272819}.Debug|x64.Build.0 = Debug|Any CPU
		{91B8EFFA-A19A-4C48-B136-A865FD272819}.Release|Any CPU.ActiveCfg = Release|Any CPU
		{91B8EFFA-A19A-4C48-B136-A865FD272819}.Release|Any CPU.Build.0 = Release|Any CPU
		{91B8EFFA-A19A-4C48-B136-A865FD272819}.Release|x64.ActiveCfg = Release|Any CPU
		{91B8EFFA-A19A-4C48-B136-A865FD272819}.Release|x64.Build.0 = Release|Any CPU
		{36D1F512-F71F-44B9-B0FD-07EDB11C7A83}.Debug|Any CPU.ActiveCfg = Debug|Any CPU
		{36D1F512-F71F-44B9-B0FD-07EDB11C7A83}.Debug|Any CPU.Build.0 = Debug|Any CPU
		{36D1F512-F71F-44B9-B0FD-07EDB11C7A83}.Debug|x64.ActiveCfg = Debug|Any CPU
		{36D1F512-F71F-44B9-B0FD-07EDB11C7A83}.Debug|x64.Build.0 = Debug|Any CPU
		{36D1F512-F71F-44B9-B0FD-07EDB11C7A83}.Release|Any CPU.ActiveCfg = Release|Any CPU
		{36D1F512-F71F-44B9-B0FD-07EDB11C7A83}.Release|Any CPU.Build.0 = Release|Any CPU
		{36D1F512-F71F-44B9-B0FD-07EDB11C7A83}.Release|x64.ActiveCfg = Release|Any CPU
		{36D1F512-F71F-44B9-B0FD-07EDB11C7A83}.Release|x64.Build.0 = Release|Any CPU
		{651C0FC9-2B7C-4665-81B1-3A366DCF34C2}.Debug|Any CPU.ActiveCfg = Debug|Any CPU
		{651C0FC9-2B7C-4665-81B1-3A366DCF34C2}.Debug|Any CPU.Build.0 = Debug|Any CPU
		{651C0FC9-2B7C-4665-81B1-3A366DCF34C2}.Debug|x64.ActiveCfg = Debug|Any CPU
		{651C0FC9-2B7C-4665-81B1-3A366DCF34C2}.Debug|x64.Build.0 = Debug|Any CPU
		{651C0FC9-2B7C-4665-81B1-3A366DCF34C2}.Release|Any CPU.ActiveCfg = Release|Any CPU
		{651C0FC9-2B7C-4665-81B1-3A366DCF34C2}.Release|Any CPU.Build.0 = Release|Any CPU
		{651C0FC9-2B7C-4665-81B1-3A366DCF34C2}.Release|x64.ActiveCfg = Release|Any CPU
		{651C0FC9-2B7C-4665-81B1-3A366DCF34C2}.Release|x64.Build.0 = Release|Any CPU
		{FD1351DC-37D8-4533-9D53-7BD94B7A04A5}.Debug|Any CPU.ActiveCfg = Debug|Any CPU
		{FD1351DC-37D8-4533-9D53-7BD94B7A04A5}.Debug|Any CPU.Build.0 = Debug|Any CPU
		{FD1351DC-37D8-4533-9D53-7BD94B7A04A5}.Debug|x64.ActiveCfg = Debug|Any CPU
		{FD1351DC-37D8-4533-9D53-7BD94B7A04A5}.Debug|x64.Build.0 = Debug|Any CPU
		{FD1351DC-37D8-4533-9D53-7BD94B7A04A5}.Release|Any CPU.ActiveCfg = Release|Any CPU
		{FD1351DC-37D8-4533-9D53-7BD94B7A04A5}.Release|Any CPU.Build.0 = Release|Any CPU
		{FD1351DC-37D8-4533-9D53-7BD94B7A04A5}.Release|x64.ActiveCfg = Release|Any CPU
		{FD1351DC-37D8-4533-9D53-7BD94B7A04A5}.Release|x64.Build.0 = Release|Any CPU
		{D850E569-6224-4C28-8A05-8D2B7EB3F796}.Debug|Any CPU.ActiveCfg = Debug|Any CPU
		{D850E569-6224-4C28-8A05-8D2B7EB3F796}.Debug|Any CPU.Build.0 = Debug|Any CPU
		{D850E569-6224-4C28-8A05-8D2B7EB3F796}.Debug|x64.ActiveCfg = Debug|Any CPU
		{D850E569-6224-4C28-8A05-8D2B7EB3F796}.Debug|x64.Build.0 = Debug|Any CPU
		{D850E569-6224-4C28-8A05-8D2B7EB3F796}.Release|Any CPU.ActiveCfg = Release|Any CPU
		{D850E569-6224-4C28-8A05-8D2B7EB3F796}.Release|Any CPU.Build.0 = Release|Any CPU
		{D850E569-6224-4C28-8A05-8D2B7EB3F796}.Release|x64.ActiveCfg = Release|Any CPU
		{D850E569-6224-4C28-8A05-8D2B7EB3F796}.Release|x64.Build.0 = Release|Any CPU
		{50B7423E-8887-4BEA-BA0F-5800D76289C9}.Debug|Any CPU.ActiveCfg = Debug|Any CPU
		{50B7423E-8887-4BEA-BA0F-5800D76289C9}.Debug|Any CPU.Build.0 = Debug|Any CPU
		{50B7423E-8887-4BEA-BA0F-5800D76289C9}.Debug|x64.ActiveCfg = Debug|Any CPU
		{50B7423E-8887-4BEA-BA0F-5800D76289C9}.Debug|x64.Build.0 = Debug|Any CPU
		{50B7423E-8887-4BEA-BA0F-5800D76289C9}.Release|Any CPU.ActiveCfg = Release|Any CPU
		{50B7423E-8887-4BEA-BA0F-5800D76289C9}.Release|Any CPU.Build.0 = Release|Any CPU
		{50B7423E-8887-4BEA-BA0F-5800D76289C9}.Release|x64.ActiveCfg = Release|Any CPU
		{50B7423E-8887-4BEA-BA0F-5800D76289C9}.Release|x64.Build.0 = Release|Any CPU
		{82D51431-7E78-4390-A47B-51E268E3B6AB}.Debug|Any CPU.ActiveCfg = Debug|Any CPU
		{82D51431-7E78-4390-A47B-51E268E3B6AB}.Debug|Any CPU.Build.0 = Debug|Any CPU
		{82D51431-7E78-4390-A47B-51E268E3B6AB}.Debug|x64.ActiveCfg = Debug|Any CPU
		{82D51431-7E78-4390-A47B-51E268E3B6AB}.Debug|x64.Build.0 = Debug|Any CPU
		{82D51431-7E78-4390-A47B-51E268E3B6AB}.Release|Any CPU.ActiveCfg = Release|Any CPU
		{82D51431-7E78-4390-A47B-51E268E3B6AB}.Release|Any CPU.Build.0 = Release|Any CPU
		{82D51431-7E78-4390-A47B-51E268E3B6AB}.Release|x64.ActiveCfg = Release|Any CPU
		{82D51431-7E78-4390-A47B-51E268E3B6AB}.Release|x64.Build.0 = Release|Any CPU
	EndGlobalSection
	GlobalSection(SolutionProperties) = preSolution
		HideSolutionNode = FALSE
	EndGlobalSection
	GlobalSection(NestedProjects) = preSolution
		{6D8284B8-D5FB-496B-BC77-74BF060F87D8} = {B76C2E8F-CA7F-49E7-94D8-341FC65A8DBD}
		{CF3D23E1-8BFF-4B24-98FE-C6C1AAB5A13A} = {6D8284B8-D5FB-496B-BC77-74BF060F87D8}
		{8FC2781A-935C-4AC3-8CDC-554144913A69} = {B76C2E8F-CA7F-49E7-94D8-341FC65A8DBD}
		{79E4CBF5-2CBC-4D94-B0AF-BC88911CBC9A} = {8FC2781A-935C-4AC3-8CDC-554144913A69}
		{CFD6A5E1-D4DD-4159-A0D6-9CF9673CF816} = {B76C2E8F-CA7F-49E7-94D8-341FC65A8DBD}
		{B823AF03-CE90-45B3-BABE-D1C392E166B0} = {CFD6A5E1-D4DD-4159-A0D6-9CF9673CF816}
		{91B8EFFA-A19A-4C48-B136-A865FD272819} = {CFD6A5E1-D4DD-4159-A0D6-9CF9673CF816}
		{E4A4DEA1-CBCF-433C-A45A-5AD3477F346A} = {B76C2E8F-CA7F-49E7-94D8-341FC65A8DBD}
		{36D1F512-F71F-44B9-B0FD-07EDB11C7A83} = {E4A4DEA1-CBCF-433C-A45A-5AD3477F346A}
		{651C0FC9-2B7C-4665-81B1-3A366DCF34C2} = {E4A4DEA1-CBCF-433C-A45A-5AD3477F346A}
		{FD1351DC-37D8-4533-9D53-7BD94B7A04A5} = {E4A4DEA1-CBCF-433C-A45A-5AD3477F346A}
		{D850E569-6224-4C28-8A05-8D2B7EB3F796} = {E4A4DEA1-CBCF-433C-A45A-5AD3477F346A}
		{50B7423E-8887-4BEA-BA0F-5800D76289C9} = {2B3BAA82-DE9B-4E65-928B-F28F28025B8B}
		{82D51431-7E78-4390-A47B-51E268E3B6AB} = {FF33CDDA-DFC0-4B23-BD1C-0C18E20DFFD1}
	EndGlobalSection
	GlobalSection(ExtensibilityGlobals) = postSolution
		SolutionGuid = {66DC3EA6-8D08-4560-BE62-20542A9EC2A5}
	EndGlobalSection
EndGlobal
